// !$*UTF8*$!
{
	archiveVersion = 1;
	classes = {
	};
	objectVersion = 46;
	objects = {

/* Begin PBXBuildFile section */
		85B34A101CB3C6060020EBFA /* libopencv_calib3d.2.4.12.dylib in Frameworks */ = {isa = PBXBuildFile; fileRef = 85B349D91CB3C6060020EBFA /* libopencv_calib3d.2.4.12.dylib */; };
		85B34A111CB3C6060020EBFA /* libopencv_calib3d.2.4.12.dylib in Frameworks */ = {isa = PBXBuildFile; fileRef = 85B349DA1CB3C6060020EBFA /* libopencv_calib3d.2.4.12.dylib */; };
		85B34A121CB3C6060020EBFA /* libopencv_calib3d.2.4.12.dylib in Frameworks */ = {isa = PBXBuildFile; fileRef = 85B349DB1CB3C6060020EBFA /* libopencv_calib3d.2.4.12.dylib */; };
		85B34A131CB3C6060020EBFA /* libopencv_contrib.2.4.12.dylib in Frameworks */ = {isa = PBXBuildFile; fileRef = 85B349DC1CB3C6060020EBFA /* libopencv_contrib.2.4.12.dylib */; };
		85B34A141CB3C6060020EBFA /* libopencv_contrib.2.4.12.dylib in Frameworks */ = {isa = PBXBuildFile; fileRef = 85B349DD1CB3C6060020EBFA /* libopencv_contrib.2.4.12.dylib */; };
		85B34A151CB3C6060020EBFA /* libopencv_contrib.2.4.12.dylib in Frameworks */ = {isa = PBXBuildFile; fileRef = 85B349DE1CB3C6060020EBFA /* libopencv_contrib.2.4.12.dylib */; };
		85B34A161CB3C6060020EBFA /* libopencv_core.2.4.12.dylib in Frameworks */ = {isa = PBXBuildFile; fileRef = 85B349DF1CB3C6060020EBFA /* libopencv_core.2.4.12.dylib */; };
		85B34A171CB3C6060020EBFA /* libopencv_core.2.4.12.dylib in Frameworks */ = {isa = PBXBuildFile; fileRef = 85B349E01CB3C6060020EBFA /* libopencv_core.2.4.12.dylib */; };
		85B34A181CB3C6060020EBFA /* libopencv_core.2.4.12.dylib in Frameworks */ = {isa = PBXBuildFile; fileRef = 85B349E11CB3C6060020EBFA /* libopencv_core.2.4.12.dylib */; };
		85B34A191CB3C6060020EBFA /* libopencv_features2d.2.4.12.dylib in Frameworks */ = {isa = PBXBuildFile; fileRef = 85B349E21CB3C6060020EBFA /* libopencv_features2d.2.4.12.dylib */; };
		85B34A1A1CB3C6060020EBFA /* libopencv_features2d.2.4.12.dylib in Frameworks */ = {isa = PBXBuildFile; fileRef = 85B349E31CB3C6060020EBFA /* libopencv_features2d.2.4.12.dylib */; };
		85B34A1B1CB3C6060020EBFA /* libopencv_features2d.2.4.12.dylib in Frameworks */ = {isa = PBXBuildFile; fileRef = 85B349E41CB3C6060020EBFA /* libopencv_features2d.2.4.12.dylib */; };
		85B34A1C1CB3C6060020EBFA /* libopencv_flann.2.4.12.dylib in Frameworks */ = {isa = PBXBuildFile; fileRef = 85B349E51CB3C6060020EBFA /* libopencv_flann.2.4.12.dylib */; };
		85B34A1D1CB3C6060020EBFA /* libopencv_flann.2.4.12.dylib in Frameworks */ = {isa = PBXBuildFile; fileRef = 85B349E61CB3C6060020EBFA /* libopencv_flann.2.4.12.dylib */; };
		85B34A1E1CB3C6060020EBFA /* libopencv_flann.2.4.12.dylib in Frameworks */ = {isa = PBXBuildFile; fileRef = 85B349E71CB3C6060020EBFA /* libopencv_flann.2.4.12.dylib */; };
		85B34A1F1CB3C6060020EBFA /* libopencv_gpu.2.4.12.dylib in Frameworks */ = {isa = PBXBuildFile; fileRef = 85B349E81CB3C6060020EBFA /* libopencv_gpu.2.4.12.dylib */; };
		85B34A201CB3C6060020EBFA /* libopencv_gpu.2.4.12.dylib in Frameworks */ = {isa = PBXBuildFile; fileRef = 85B349E91CB3C6060020EBFA /* libopencv_gpu.2.4.12.dylib */; };
		85B34A211CB3C6060020EBFA /* libopencv_gpu.2.4.12.dylib in Frameworks */ = {isa = PBXBuildFile; fileRef = 85B349EA1CB3C6060020EBFA /* libopencv_gpu.2.4.12.dylib */; };
		85B34A221CB3C6060020EBFA /* libopencv_highgui.2.4.12.dylib in Frameworks */ = {isa = PBXBuildFile; fileRef = 85B349EB1CB3C6060020EBFA /* libopencv_highgui.2.4.12.dylib */; };
		85B34A231CB3C6060020EBFA /* libopencv_highgui.2.4.12.dylib in Frameworks */ = {isa = PBXBuildFile; fileRef = 85B349EC1CB3C6060020EBFA /* libopencv_highgui.2.4.12.dylib */; };
		85B34A241CB3C6060020EBFA /* libopencv_highgui.2.4.12.dylib in Frameworks */ = {isa = PBXBuildFile; fileRef = 85B349ED1CB3C6060020EBFA /* libopencv_highgui.2.4.12.dylib */; };
		85B34A251CB3C6060020EBFA /* libopencv_imgproc.2.4.12.dylib in Frameworks */ = {isa = PBXBuildFile; fileRef = 85B349EE1CB3C6060020EBFA /* libopencv_imgproc.2.4.12.dylib */; };
		85B34A261CB3C6060020EBFA /* libopencv_imgproc.2.4.12.dylib in Frameworks */ = {isa = PBXBuildFile; fileRef = 85B349EF1CB3C6060020EBFA /* libopencv_imgproc.2.4.12.dylib */; };
		85B34A271CB3C6060020EBFA /* libopencv_imgproc.2.4.12.dylib in Frameworks */ = {isa = PBXBuildFile; fileRef = 85B349F01CB3C6060020EBFA /* libopencv_imgproc.2.4.12.dylib */; };
		85B34A281CB3C6060020EBFA /* libopencv_legacy.2.4.12.dylib in Frameworks */ = {isa = PBXBuildFile; fileRef = 85B349F11CB3C6060020EBFA /* libopencv_legacy.2.4.12.dylib */; };
		85B34A291CB3C6060020EBFA /* libopencv_legacy.2.4.12.dylib in Frameworks */ = {isa = PBXBuildFile; fileRef = 85B349F21CB3C6060020EBFA /* libopencv_legacy.2.4.12.dylib */; };
		85B34A2A1CB3C6060020EBFA /* libopencv_legacy.2.4.12.dylib in Frameworks */ = {isa = PBXBuildFile; fileRef = 85B349F31CB3C6060020EBFA /* libopencv_legacy.2.4.12.dylib */; };
		85B34A2B1CB3C6060020EBFA /* libopencv_ml.2.4.12.dylib in Frameworks */ = {isa = PBXBuildFile; fileRef = 85B349F41CB3C6060020EBFA /* libopencv_ml.2.4.12.dylib */; };
		85B34A2C1CB3C6060020EBFA /* libopencv_ml.2.4.12.dylib in Frameworks */ = {isa = PBXBuildFile; fileRef = 85B349F51CB3C6060020EBFA /* libopencv_ml.2.4.12.dylib */; };
		85B34A2D1CB3C6060020EBFA /* libopencv_ml.2.4.12.dylib in Frameworks */ = {isa = PBXBuildFile; fileRef = 85B349F61CB3C6060020EBFA /* libopencv_ml.2.4.12.dylib */; };
		85B34A2E1CB3C6060020EBFA /* libopencv_nonfree.2.4.12.dylib in Frameworks */ = {isa = PBXBuildFile; fileRef = 85B349F71CB3C6060020EBFA /* libopencv_nonfree.2.4.12.dylib */; };
		85B34A2F1CB3C6060020EBFA /* libopencv_nonfree.2.4.12.dylib in Frameworks */ = {isa = PBXBuildFile; fileRef = 85B349F81CB3C6060020EBFA /* libopencv_nonfree.2.4.12.dylib */; };
		85B34A301CB3C6060020EBFA /* libopencv_nonfree.2.4.12.dylib in Frameworks */ = {isa = PBXBuildFile; fileRef = 85B349F91CB3C6060020EBFA /* libopencv_nonfree.2.4.12.dylib */; };
		85B34A311CB3C6060020EBFA /* libopencv_objdetect.2.4.12.dylib in Frameworks */ = {isa = PBXBuildFile; fileRef = 85B349FA1CB3C6060020EBFA /* libopencv_objdetect.2.4.12.dylib */; };
		85B34A321CB3C6060020EBFA /* libopencv_objdetect.2.4.12.dylib in Frameworks */ = {isa = PBXBuildFile; fileRef = 85B349FB1CB3C6060020EBFA /* libopencv_objdetect.2.4.12.dylib */; };
		85B34A331CB3C6060020EBFA /* libopencv_objdetect.2.4.12.dylib in Frameworks */ = {isa = PBXBuildFile; fileRef = 85B349FC1CB3C6060020EBFA /* libopencv_objdetect.2.4.12.dylib */; };
		85B34A341CB3C6060020EBFA /* libopencv_ocl.2.4.12.dylib in Frameworks */ = {isa = PBXBuildFile; fileRef = 85B349FD1CB3C6060020EBFA /* libopencv_ocl.2.4.12.dylib */; };
		85B34A351CB3C6060020EBFA /* libopencv_ocl.2.4.12.dylib in Frameworks */ = {isa = PBXBuildFile; fileRef = 85B349FE1CB3C6060020EBFA /* libopencv_ocl.2.4.12.dylib */; };
		85B34A361CB3C6060020EBFA /* libopencv_ocl.2.4.12.dylib in Frameworks */ = {isa = PBXBuildFile; fileRef = 85B349FF1CB3C6060020EBFA /* libopencv_ocl.2.4.12.dylib */; };
		85B34A371CB3C6060020EBFA /* libopencv_photo.2.4.12.dylib in Frameworks */ = {isa = PBXBuildFile; fileRef = 85B34A001CB3C6060020EBFA /* libopencv_photo.2.4.12.dylib */; };
		85B34A381CB3C6060020EBFA /* libopencv_photo.2.4.12.dylib in Frameworks */ = {isa = PBXBuildFile; fileRef = 85B34A011CB3C6060020EBFA /* libopencv_photo.2.4.12.dylib */; };
		85B34A391CB3C6060020EBFA /* libopencv_photo.2.4.12.dylib in Frameworks */ = {isa = PBXBuildFile; fileRef = 85B34A021CB3C6060020EBFA /* libopencv_photo.2.4.12.dylib */; };
		85B34A3A1CB3C6060020EBFA /* libopencv_stitching.2.4.12.dylib in Frameworks */ = {isa = PBXBuildFile; fileRef = 85B34A031CB3C6060020EBFA /* libopencv_stitching.2.4.12.dylib */; };
		85B34A3B1CB3C6060020EBFA /* libopencv_stitching.2.4.12.dylib in Frameworks */ = {isa = PBXBuildFile; fileRef = 85B34A041CB3C6060020EBFA /* libopencv_stitching.2.4.12.dylib */; };
		85B34A3C1CB3C6060020EBFA /* libopencv_stitching.2.4.12.dylib in Frameworks */ = {isa = PBXBuildFile; fileRef = 85B34A051CB3C6060020EBFA /* libopencv_stitching.2.4.12.dylib */; };
		85B34A3D1CB3C6060020EBFA /* libopencv_superres.2.4.12.dylib in Frameworks */ = {isa = PBXBuildFile; fileRef = 85B34A061CB3C6060020EBFA /* libopencv_superres.2.4.12.dylib */; };
		85B34A3E1CB3C6060020EBFA /* libopencv_superres.2.4.12.dylib in Frameworks */ = {isa = PBXBuildFile; fileRef = 85B34A071CB3C6060020EBFA /* libopencv_superres.2.4.12.dylib */; };
		85B34A3F1CB3C6060020EBFA /* libopencv_superres.2.4.12.dylib in Frameworks */ = {isa = PBXBuildFile; fileRef = 85B34A081CB3C6060020EBFA /* libopencv_superres.2.4.12.dylib */; };
		85B34A401CB3C6060020EBFA /* libopencv_ts.a in Frameworks */ = {isa = PBXBuildFile; fileRef = 85B34A091CB3C6060020EBFA /* libopencv_ts.a */; };
		85B34A411CB3C6060020EBFA /* libopencv_video.2.4.12.dylib in Frameworks */ = {isa = PBXBuildFile; fileRef = 85B34A0A1CB3C6060020EBFA /* libopencv_video.2.4.12.dylib */; };
		85B34A421CB3C6060020EBFA /* libopencv_video.2.4.12.dylib in Frameworks */ = {isa = PBXBuildFile; fileRef = 85B34A0B1CB3C6060020EBFA /* libopencv_video.2.4.12.dylib */; };
		85B34A431CB3C6060020EBFA /* libopencv_video.2.4.12.dylib in Frameworks */ = {isa = PBXBuildFile; fileRef = 85B34A0C1CB3C6060020EBFA /* libopencv_video.2.4.12.dylib */; };
		85B34A441CB3C6060020EBFA /* libopencv_videostab.2.4.12.dylib in Frameworks */ = {isa = PBXBuildFile; fileRef = 85B34A0D1CB3C6060020EBFA /* libopencv_videostab.2.4.12.dylib */; };
		85B34A451CB3C6060020EBFA /* libopencv_videostab.2.4.12.dylib in Frameworks */ = {isa = PBXBuildFile; fileRef = 85B34A0E1CB3C6060020EBFA /* libopencv_videostab.2.4.12.dylib */; };
		85B34A461CB3C6060020EBFA /* libopencv_videostab.2.4.12.dylib in Frameworks */ = {isa = PBXBuildFile; fileRef = 85B34A0F1CB3C6060020EBFA /* libopencv_videostab.2.4.12.dylib */; };
		85B34A4A1CB3F07F0020EBFA /* CLC.cpp in Sources */ = {isa = PBXBuildFile; fileRef = 85B34A491CB3F07F0020EBFA /* CLC.cpp */; };
		85BB03B71C573BFB00378159 /* main.cpp in Sources */ = {isa = PBXBuildFile; fileRef = 85BB03B61C573BFB00378159 /* main.cpp */; };
		85BB03BF1C57408700378159 /* EigenEKFSLAM.cpp in Sources */ = {isa = PBXBuildFile; fileRef = 85BB03BE1C57408700378159 /* EigenEKFSLAM.cpp */; };
/* End PBXBuildFile section */

/* Begin PBXCopyFilesBuildPhase section */
		85BB03B11C573BFB00378159 /* CopyFiles */ = {
			isa = PBXCopyFilesBuildPhase;
			buildActionMask = 2147483647;
			dstPath = /usr/share/man/man1/;
			dstSubfolderSpec = 0;
			files = (
			);
			runOnlyForDeploymentPostprocessing = 1;
		};
/* End PBXCopyFilesBuildPhase section */

/* Begin PBXFileReference section */
		85B349D91CB3C6060020EBFA /* libopencv_calib3d.2.4.12.dylib */ = {isa = PBXFileReference; lastKnownFileType = "compiled.mach-o.dylib"; name = libopencv_calib3d.2.4.12.dylib; path = ../../../../usr/local/Cellar/opencv/2.4.12_2/lib/libopencv_calib3d.2.4.12.dylib; sourceTree = "<group>"; };
		85B349DA1CB3C6060020EBFA /* libopencv_calib3d.2.4.12.dylib */ = {isa = PBXFileReference; lastKnownFileType = "compiled.mach-o.dylib"; name = libopencv_calib3d.2.4.12.dylib; path = ../../../../usr/local/Cellar/opencv/2.4.12_2/lib/libopencv_calib3d.2.4.12.dylib; sourceTree = "<group>"; };
		85B349DB1CB3C6060020EBFA /* libopencv_calib3d.2.4.12.dylib */ = {isa = PBXFileReference; lastKnownFileType = "compiled.mach-o.dylib"; name = libopencv_calib3d.2.4.12.dylib; path = ../../../../usr/local/Cellar/opencv/2.4.12_2/lib/libopencv_calib3d.2.4.12.dylib; sourceTree = "<group>"; };
		85B349DC1CB3C6060020EBFA /* libopencv_contrib.2.4.12.dylib */ = {isa = PBXFileReference; lastKnownFileType = "compiled.mach-o.dylib"; name = libopencv_contrib.2.4.12.dylib; path = ../../../../usr/local/Cellar/opencv/2.4.12_2/lib/libopencv_contrib.2.4.12.dylib; sourceTree = "<group>"; };
		85B349DD1CB3C6060020EBFA /* libopencv_contrib.2.4.12.dylib */ = {isa = PBXFileReference; lastKnownFileType = "compiled.mach-o.dylib"; name = libopencv_contrib.2.4.12.dylib; path = ../../../../usr/local/Cellar/opencv/2.4.12_2/lib/libopencv_contrib.2.4.12.dylib; sourceTree = "<group>"; };
		85B349DE1CB3C6060020EBFA /* libopencv_contrib.2.4.12.dylib */ = {isa = PBXFileReference; lastKnownFileType = "compiled.mach-o.dylib"; name = libopencv_contrib.2.4.12.dylib; path = ../../../../usr/local/Cellar/opencv/2.4.12_2/lib/libopencv_contrib.2.4.12.dylib; sourceTree = "<group>"; };
		85B349DF1CB3C6060020EBFA /* libopencv_core.2.4.12.dylib */ = {isa = PBXFileReference; lastKnownFileType = "compiled.mach-o.dylib"; name = libopencv_core.2.4.12.dylib; path = ../../../../usr/local/Cellar/opencv/2.4.12_2/lib/libopencv_core.2.4.12.dylib; sourceTree = "<group>"; };
		85B349E01CB3C6060020EBFA /* libopencv_core.2.4.12.dylib */ = {isa = PBXFileReference; lastKnownFileType = "compiled.mach-o.dylib"; name = libopencv_core.2.4.12.dylib; path = ../../../../usr/local/Cellar/opencv/2.4.12_2/lib/libopencv_core.2.4.12.dylib; sourceTree = "<group>"; };
		85B349E11CB3C6060020EBFA /* libopencv_core.2.4.12.dylib */ = {isa = PBXFileReference; lastKnownFileType = "compiled.mach-o.dylib"; name = libopencv_core.2.4.12.dylib; path = ../../../../usr/local/Cellar/opencv/2.4.12_2/lib/libopencv_core.2.4.12.dylib; sourceTree = "<group>"; };
		85B349E21CB3C6060020EBFA /* libopencv_features2d.2.4.12.dylib */ = {isa = PBXFileReference; lastKnownFileType = "compiled.mach-o.dylib"; name = libopencv_features2d.2.4.12.dylib; path = ../../../../usr/local/Cellar/opencv/2.4.12_2/lib/libopencv_features2d.2.4.12.dylib; sourceTree = "<group>"; };
		85B349E31CB3C6060020EBFA /* libopencv_features2d.2.4.12.dylib */ = {isa = PBXFileReference; lastKnownFileType = "compiled.mach-o.dylib"; name = libopencv_features2d.2.4.12.dylib; path = ../../../../usr/local/Cellar/opencv/2.4.12_2/lib/libopencv_features2d.2.4.12.dylib; sourceTree = "<group>"; };
		85B349E41CB3C6060020EBFA /* libopencv_features2d.2.4.12.dylib */ = {isa = PBXFileReference; lastKnownFileType = "compiled.mach-o.dylib"; name = libopencv_features2d.2.4.12.dylib; path = ../../../../usr/local/Cellar/opencv/2.4.12_2/lib/libopencv_features2d.2.4.12.dylib; sourceTree = "<group>"; };
		85B349E51CB3C6060020EBFA /* libopencv_flann.2.4.12.dylib */ = {isa = PBXFileReference; lastKnownFileType = "compiled.mach-o.dylib"; name = libopencv_flann.2.4.12.dylib; path = ../../../../usr/local/Cellar/opencv/2.4.12_2/lib/libopencv_flann.2.4.12.dylib; sourceTree = "<group>"; };
		85B349E61CB3C6060020EBFA /* libopencv_flann.2.4.12.dylib */ = {isa = PBXFileReference; lastKnownFileType = "compiled.mach-o.dylib"; name = libopencv_flann.2.4.12.dylib; path = ../../../../usr/local/Cellar/opencv/2.4.12_2/lib/libopencv_flann.2.4.12.dylib; sourceTree = "<group>"; };
		85B349E71CB3C6060020EBFA /* libopencv_flann.2.4.12.dylib */ = {isa = PBXFileReference; lastKnownFileType = "compiled.mach-o.dylib"; name = libopencv_flann.2.4.12.dylib; path = ../../../../usr/local/Cellar/opencv/2.4.12_2/lib/libopencv_flann.2.4.12.dylib; sourceTree = "<group>"; };
		85B349E81CB3C6060020EBFA /* libopencv_gpu.2.4.12.dylib */ = {isa = PBXFileReference; lastKnownFileType = "compiled.mach-o.dylib"; name = libopencv_gpu.2.4.12.dylib; path = ../../../../usr/local/Cellar/opencv/2.4.12_2/lib/libopencv_gpu.2.4.12.dylib; sourceTree = "<group>"; };
		85B349E91CB3C6060020EBFA /* libopencv_gpu.2.4.12.dylib */ = {isa = PBXFileReference; lastKnownFileType = "compiled.mach-o.dylib"; name = libopencv_gpu.2.4.12.dylib; path = ../../../../usr/local/Cellar/opencv/2.4.12_2/lib/libopencv_gpu.2.4.12.dylib; sourceTree = "<group>"; };
		85B349EA1CB3C6060020EBFA /* libopencv_gpu.2.4.12.dylib */ = {isa = PBXFileReference; lastKnownFileType = "compiled.mach-o.dylib"; name = libopencv_gpu.2.4.12.dylib; path = ../../../../usr/local/Cellar/opencv/2.4.12_2/lib/libopencv_gpu.2.4.12.dylib; sourceTree = "<group>"; };
		85B349EB1CB3C6060020EBFA /* libopencv_highgui.2.4.12.dylib */ = {isa = PBXFileReference; lastKnownFileType = "compiled.mach-o.dylib"; name = libopencv_highgui.2.4.12.dylib; path = ../../../../usr/local/Cellar/opencv/2.4.12_2/lib/libopencv_highgui.2.4.12.dylib; sourceTree = "<group>"; };
		85B349EC1CB3C6060020EBFA /* libopencv_highgui.2.4.12.dylib */ = {isa = PBXFileReference; lastKnownFileType = "compiled.mach-o.dylib"; name = libopencv_highgui.2.4.12.dylib; path = ../../../../usr/local/Cellar/opencv/2.4.12_2/lib/libopencv_highgui.2.4.12.dylib; sourceTree = "<group>"; };
		85B349ED1CB3C6060020EBFA /* libopencv_highgui.2.4.12.dylib */ = {isa = PBXFileReference; lastKnownFileType = "compiled.mach-o.dylib"; name = libopencv_highgui.2.4.12.dylib; path = ../../../../usr/local/Cellar/opencv/2.4.12_2/lib/libopencv_highgui.2.4.12.dylib; sourceTree = "<group>"; };
		85B349EE1CB3C6060020EBFA /* libopencv_imgproc.2.4.12.dylib */ = {isa = PBXFileReference; lastKnownFileType = "compiled.mach-o.dylib"; name = libopencv_imgproc.2.4.12.dylib; path = ../../../../usr/local/Cellar/opencv/2.4.12_2/lib/libopencv_imgproc.2.4.12.dylib; sourceTree = "<group>"; };
		85B349EF1CB3C6060020EBFA /* libopencv_imgproc.2.4.12.dylib */ = {isa = PBXFileReference; lastKnownFileType = "compiled.mach-o.dylib"; name = libopencv_imgproc.2.4.12.dylib; path = ../../../../usr/local/Cellar/opencv/2.4.12_2/lib/libopencv_imgproc.2.4.12.dylib; sourceTree = "<group>"; };
		85B349F01CB3C6060020EBFA /* libopencv_imgproc.2.4.12.dylib */ = {isa = PBXFileReference; lastKnownFileType = "compiled.mach-o.dylib"; name = libopencv_imgproc.2.4.12.dylib; path = ../../../../usr/local/Cellar/opencv/2.4.12_2/lib/libopencv_imgproc.2.4.12.dylib; sourceTree = "<group>"; };
		85B349F11CB3C6060020EBFA /* libopencv_legacy.2.4.12.dylib */ = {isa = PBXFileReference; lastKnownFileType = "compiled.mach-o.dylib"; name = libopencv_legacy.2.4.12.dylib; path = ../../../../usr/local/Cellar/opencv/2.4.12_2/lib/libopencv_legacy.2.4.12.dylib; sourceTree = "<group>"; };
		85B349F21CB3C6060020EBFA /* libopencv_legacy.2.4.12.dylib */ = {isa = PBXFileReference; lastKnownFileType = "compiled.mach-o.dylib"; name = libopencv_legacy.2.4.12.dylib; path = ../../../../usr/local/Cellar/opencv/2.4.12_2/lib/libopencv_legacy.2.4.12.dylib; sourceTree = "<group>"; };
		85B349F31CB3C6060020EBFA /* libopencv_legacy.2.4.12.dylib */ = {isa = PBXFileReference; lastKnownFileType = "compiled.mach-o.dylib"; name = libopencv_legacy.2.4.12.dylib; path = ../../../../usr/local/Cellar/opencv/2.4.12_2/lib/libopencv_legacy.2.4.12.dylib; sourceTree = "<group>"; };
		85B349F41CB3C6060020EBFA /* libopencv_ml.2.4.12.dylib */ = {isa = PBXFileReference; lastKnownFileType = "compiled.mach-o.dylib"; name = libopencv_ml.2.4.12.dylib; path = ../../../../usr/local/Cellar/opencv/2.4.12_2/lib/libopencv_ml.2.4.12.dylib; sourceTree = "<group>"; };
		85B349F51CB3C6060020EBFA /* libopencv_ml.2.4.12.dylib */ = {isa = PBXFileReference; lastKnownFileType = "compiled.mach-o.dylib"; name = libopencv_ml.2.4.12.dylib; path = ../../../../usr/local/Cellar/opencv/2.4.12_2/lib/libopencv_ml.2.4.12.dylib; sourceTree = "<group>"; };
		85B349F61CB3C6060020EBFA /* libopencv_ml.2.4.12.dylib */ = {isa = PBXFileReference; lastKnownFileType = "compiled.mach-o.dylib"; name = libopencv_ml.2.4.12.dylib; path = ../../../../usr/local/Cellar/opencv/2.4.12_2/lib/libopencv_ml.2.4.12.dylib; sourceTree = "<group>"; };
		85B349F71CB3C6060020EBFA /* libopencv_nonfree.2.4.12.dylib */ = {isa = PBXFileReference; lastKnownFileType = "compiled.mach-o.dylib"; name = libopencv_nonfree.2.4.12.dylib; path = ../../../../usr/local/Cellar/opencv/2.4.12_2/lib/libopencv_nonfree.2.4.12.dylib; sourceTree = "<group>"; };
		85B349F81CB3C6060020EBFA /* libopencv_nonfree.2.4.12.dylib */ = {isa = PBXFileReference; lastKnownFileType = "compiled.mach-o.dylib"; name = libopencv_nonfree.2.4.12.dylib; path = ../../../../usr/local/Cellar/opencv/2.4.12_2/lib/libopencv_nonfree.2.4.12.dylib; sourceTree = "<group>"; };
		85B349F91CB3C6060020EBFA /* libopencv_nonfree.2.4.12.dylib */ = {isa = PBXFileReference; lastKnownFileType = "compiled.mach-o.dylib"; name = libopencv_nonfree.2.4.12.dylib; path = ../../../../usr/local/Cellar/opencv/2.4.12_2/lib/libopencv_nonfree.2.4.12.dylib; sourceTree = "<group>"; };
		85B349FA1CB3C6060020EBFA /* libopencv_objdetect.2.4.12.dylib */ = {isa = PBXFileReference; lastKnownFileType = "compiled.mach-o.dylib"; name = libopencv_objdetect.2.4.12.dylib; path = ../../../../usr/local/Cellar/opencv/2.4.12_2/lib/libopencv_objdetect.2.4.12.dylib; sourceTree = "<group>"; };
		85B349FB1CB3C6060020EBFA /* libopencv_objdetect.2.4.12.dylib */ = {isa = PBXFileReference; lastKnownFileType = "compiled.mach-o.dylib"; name = libopencv_objdetect.2.4.12.dylib; path = ../../../../usr/local/Cellar/opencv/2.4.12_2/lib/libopencv_objdetect.2.4.12.dylib; sourceTree = "<group>"; };
		85B349FC1CB3C6060020EBFA /* libopencv_objdetect.2.4.12.dylib */ = {isa = PBXFileReference; lastKnownFileType = "compiled.mach-o.dylib"; name = libopencv_objdetect.2.4.12.dylib; path = ../../../../usr/local/Cellar/opencv/2.4.12_2/lib/libopencv_objdetect.2.4.12.dylib; sourceTree = "<group>"; };
		85B349FD1CB3C6060020EBFA /* libopencv_ocl.2.4.12.dylib */ = {isa = PBXFileReference; lastKnownFileType = "compiled.mach-o.dylib"; name = libopencv_ocl.2.4.12.dylib; path = ../../../../usr/local/Cellar/opencv/2.4.12_2/lib/libopencv_ocl.2.4.12.dylib; sourceTree = "<group>"; };
		85B349FE1CB3C6060020EBFA /* libopencv_ocl.2.4.12.dylib */ = {isa = PBXFileReference; lastKnownFileType = "compiled.mach-o.dylib"; name = libopencv_ocl.2.4.12.dylib; path = ../../../../usr/local/Cellar/opencv/2.4.12_2/lib/libopencv_ocl.2.4.12.dylib; sourceTree = "<group>"; };
		85B349FF1CB3C6060020EBFA /* libopencv_ocl.2.4.12.dylib */ = {isa = PBXFileReference; lastKnownFileType = "compiled.mach-o.dylib"; name = libopencv_ocl.2.4.12.dylib; path = ../../../../usr/local/Cellar/opencv/2.4.12_2/lib/libopencv_ocl.2.4.12.dylib; sourceTree = "<group>"; };
		85B34A001CB3C6060020EBFA /* libopencv_photo.2.4.12.dylib */ = {isa = PBXFileReference; lastKnownFileType = "compiled.mach-o.dylib"; name = libopencv_photo.2.4.12.dylib; path = ../../../../usr/local/Cellar/opencv/2.4.12_2/lib/libopencv_photo.2.4.12.dylib; sourceTree = "<group>"; };
		85B34A011CB3C6060020EBFA /* libopencv_photo.2.4.12.dylib */ = {isa = PBXFileReference; lastKnownFileType = "compiled.mach-o.dylib"; name = libopencv_photo.2.4.12.dylib; path = ../../../../usr/local/Cellar/opencv/2.4.12_2/lib/libopencv_photo.2.4.12.dylib; sourceTree = "<group>"; };
		85B34A021CB3C6060020EBFA /* libopencv_photo.2.4.12.dylib */ = {isa = PBXFileReference; lastKnownFileType = "compiled.mach-o.dylib"; name = libopencv_photo.2.4.12.dylib; path = ../../../../usr/local/Cellar/opencv/2.4.12_2/lib/libopencv_photo.2.4.12.dylib; sourceTree = "<group>"; };
		85B34A031CB3C6060020EBFA /* libopencv_stitching.2.4.12.dylib */ = {isa = PBXFileReference; lastKnownFileType = "compiled.mach-o.dylib"; name = libopencv_stitching.2.4.12.dylib; path = ../../../../usr/local/Cellar/opencv/2.4.12_2/lib/libopencv_stitching.2.4.12.dylib; sourceTree = "<group>"; };
		85B34A041CB3C6060020EBFA /* libopencv_stitching.2.4.12.dylib */ = {isa = PBXFileReference; lastKnownFileType = "compiled.mach-o.dylib"; name = libopencv_stitching.2.4.12.dylib; path = ../../../../usr/local/Cellar/opencv/2.4.12_2/lib/libopencv_stitching.2.4.12.dylib; sourceTree = "<group>"; };
		85B34A051CB3C6060020EBFA /* libopencv_stitching.2.4.12.dylib */ = {isa = PBXFileReference; lastKnownFileType = "compiled.mach-o.dylib"; name = libopencv_stitching.2.4.12.dylib; path = ../../../../usr/local/Cellar/opencv/2.4.12_2/lib/libopencv_stitching.2.4.12.dylib; sourceTree = "<group>"; };
		85B34A061CB3C6060020EBFA /* libopencv_superres.2.4.12.dylib */ = {isa = PBXFileReference; lastKnownFileType = "compiled.mach-o.dylib"; name = libopencv_superres.2.4.12.dylib; path = ../../../../usr/local/Cellar/opencv/2.4.12_2/lib/libopencv_superres.2.4.12.dylib; sourceTree = "<group>"; };
		85B34A071CB3C6060020EBFA /* libopencv_superres.2.4.12.dylib */ = {isa = PBXFileReference; lastKnownFileType = "compiled.mach-o.dylib"; name = libopencv_superres.2.4.12.dylib; path = ../../../../usr/local/Cellar/opencv/2.4.12_2/lib/libopencv_superres.2.4.12.dylib; sourceTree = "<group>"; };
		85B34A081CB3C6060020EBFA /* libopencv_superres.2.4.12.dylib */ = {isa = PBXFileReference; lastKnownFileType = "compiled.mach-o.dylib"; name = libopencv_superres.2.4.12.dylib; path = ../../../../usr/local/Cellar/opencv/2.4.12_2/lib/libopencv_superres.2.4.12.dylib; sourceTree = "<group>"; };
		85B34A091CB3C6060020EBFA /* libopencv_ts.a */ = {isa = PBXFileReference; lastKnownFileType = archive.ar; name = libopencv_ts.a; path = ../../../../usr/local/Cellar/opencv/2.4.12_2/lib/libopencv_ts.a; sourceTree = "<group>"; };
		85B34A0A1CB3C6060020EBFA /* libopencv_video.2.4.12.dylib */ = {isa = PBXFileReference; lastKnownFileType = "compiled.mach-o.dylib"; name = libopencv_video.2.4.12.dylib; path = ../../../../usr/local/Cellar/opencv/2.4.12_2/lib/libopencv_video.2.4.12.dylib; sourceTree = "<group>"; };
		85B34A0B1CB3C6060020EBFA /* libopencv_video.2.4.12.dylib */ = {isa = PBXFileReference; lastKnownFileType = "compiled.mach-o.dylib"; name = libopencv_video.2.4.12.dylib; path = ../../../../usr/local/Cellar/opencv/2.4.12_2/lib/libopencv_video.2.4.12.dylib; sourceTree = "<group>"; };
		85B34A0C1CB3C6060020EBFA /* libopencv_video.2.4.12.dylib */ = {isa = PBXFileReference; lastKnownFileType = "compiled.mach-o.dylib"; name = libopencv_video.2.4.12.dylib; path = ../../../../usr/local/Cellar/opencv/2.4.12_2/lib/libopencv_video.2.4.12.dylib; sourceTree = "<group>"; };
		85B34A0D1CB3C6060020EBFA /* libopencv_videostab.2.4.12.dylib */ = {isa = PBXFileReference; lastKnownFileType = "compiled.mach-o.dylib"; name = libopencv_videostab.2.4.12.dylib; path = ../../../../usr/local/Cellar/opencv/2.4.12_2/lib/libopencv_videostab.2.4.12.dylib; sourceTree = "<group>"; };
		85B34A0E1CB3C6060020EBFA /* libopencv_videostab.2.4.12.dylib */ = {isa = PBXFileReference; lastKnownFileType = "compiled.mach-o.dylib"; name = libopencv_videostab.2.4.12.dylib; path = ../../../../usr/local/Cellar/opencv/2.4.12_2/lib/libopencv_videostab.2.4.12.dylib; sourceTree = "<group>"; };
		85B34A0F1CB3C6060020EBFA /* libopencv_videostab.2.4.12.dylib */ = {isa = PBXFileReference; lastKnownFileType = "compiled.mach-o.dylib"; name = libopencv_videostab.2.4.12.dylib; path = ../../../../usr/local/Cellar/opencv/2.4.12_2/lib/libopencv_videostab.2.4.12.dylib; sourceTree = "<group>"; };
		85B34A491CB3F07F0020EBFA /* CLC.cpp */ = {isa = PBXFileReference; fileEncoding = 4; lastKnownFileType = sourcecode.cpp.cpp; name = CLC.cpp; path = CLC/CLC.cpp; sourceTree = "<group>"; };
		85B34A4B1CB3FB540020EBFA /* CLC.h */ = {isa = PBXFileReference; lastKnownFileType = sourcecode.c.h; name = CLC.h; path = CLC/CLC.h; sourceTree = "<group>"; };
		85BB03B31C573BFB00378159 /* EigenEKFSLAM */ = {isa = PBXFileReference; explicitFileType = "compiled.mach-o.executable"; includeInIndex = 0; path = EigenEKFSLAM; sourceTree = BUILT_PRODUCTS_DIR; };
		85BB03B61C573BFB00378159 /* main.cpp */ = {isa = PBXFileReference; lastKnownFileType = sourcecode.cpp.cpp; path = main.cpp; sourceTree = "<group>"; };
		85BB03BD1C57406D00378159 /* EigenEKFSLAM.h */ = {isa = PBXFileReference; lastKnownFileType = sourcecode.c.h; path = EigenEKFSLAM.h; sourceTree = "<group>"; };
		85BB03BE1C57408700378159 /* EigenEKFSLAM.cpp */ = {isa = PBXFileReference; fileEncoding = 4; lastKnownFileType = sourcecode.cpp.cpp; path = EigenEKFSLAM.cpp; sourceTree = "<group>"; };
/* End PBXFileReference section */

/* Begin PBXFrameworksBuildPhase section */
		85BB03B01C573BFB00378159 /* Frameworks */ = {
			isa = PBXFrameworksBuildPhase;
			buildActionMask = 2147483647;
			files = (
				85B34A3A1CB3C6060020EBFA /* libopencv_stitching.2.4.12.dylib in Frameworks */,
				85B34A411CB3C6060020EBFA /* libopencv_video.2.4.12.dylib in Frameworks */,
				85B34A391CB3C6060020EBFA /* libopencv_photo.2.4.12.dylib in Frameworks */,
				85B34A311CB3C6060020EBFA /* libopencv_objdetect.2.4.12.dylib in Frameworks */,
				85B34A291CB3C6060020EBFA /* libopencv_legacy.2.4.12.dylib in Frameworks */,
				85B34A2F1CB3C6060020EBFA /* libopencv_nonfree.2.4.12.dylib in Frameworks */,
				85B34A421CB3C6060020EBFA /* libopencv_video.2.4.12.dylib in Frameworks */,
				85B34A111CB3C6060020EBFA /* libopencv_calib3d.2.4.12.dylib in Frameworks */,
				85B34A371CB3C6060020EBFA /* libopencv_photo.2.4.12.dylib in Frameworks */,
				85B34A1D1CB3C6060020EBFA /* libopencv_flann.2.4.12.dylib in Frameworks */,
				85B34A1C1CB3C6060020EBFA /* libopencv_flann.2.4.12.dylib in Frameworks */,
				85B34A3E1CB3C6060020EBFA /* libopencv_superres.2.4.12.dylib in Frameworks */,
				85B34A351CB3C6060020EBFA /* libopencv_ocl.2.4.12.dylib in Frameworks */,
				85B34A3B1CB3C6060020EBFA /* libopencv_stitching.2.4.12.dylib in Frameworks */,
				85B34A2B1CB3C6060020EBFA /* libopencv_ml.2.4.12.dylib in Frameworks */,
				85B34A161CB3C6060020EBFA /* libopencv_core.2.4.12.dylib in Frameworks */,
				85B34A451CB3C6060020EBFA /* libopencv_videostab.2.4.12.dylib in Frameworks */,
				85B34A261CB3C6060020EBFA /* libopencv_imgproc.2.4.12.dylib in Frameworks */,
				85B34A3D1CB3C6060020EBFA /* libopencv_superres.2.4.12.dylib in Frameworks */,
				85B34A271CB3C6060020EBFA /* libopencv_imgproc.2.4.12.dylib in Frameworks */,
				85B34A301CB3C6060020EBFA /* libopencv_nonfree.2.4.12.dylib in Frameworks */,
				85B34A3C1CB3C6060020EBFA /* libopencv_stitching.2.4.12.dylib in Frameworks */,
				85B34A441CB3C6060020EBFA /* libopencv_videostab.2.4.12.dylib in Frameworks */,
				85B34A431CB3C6060020EBFA /* libopencv_video.2.4.12.dylib in Frameworks */,
				85B34A1A1CB3C6060020EBFA /* libopencv_features2d.2.4.12.dylib in Frameworks */,
				85B34A191CB3C6060020EBFA /* libopencv_features2d.2.4.12.dylib in Frameworks */,
				85B34A221CB3C6060020EBFA /* libopencv_highgui.2.4.12.dylib in Frameworks */,
				85B34A211CB3C6060020EBFA /* libopencv_gpu.2.4.12.dylib in Frameworks */,
				85B34A241CB3C6060020EBFA /* libopencv_highgui.2.4.12.dylib in Frameworks */,
				85B34A1B1CB3C6060020EBFA /* libopencv_features2d.2.4.12.dylib in Frameworks */,
				85B34A171CB3C6060020EBFA /* libopencv_core.2.4.12.dylib in Frameworks */,
				85B34A151CB3C6060020EBFA /* libopencv_contrib.2.4.12.dylib in Frameworks */,
				85B34A401CB3C6060020EBFA /* libopencv_ts.a in Frameworks */,
				85B34A141CB3C6060020EBFA /* libopencv_contrib.2.4.12.dylib in Frameworks */,
				85B34A1E1CB3C6060020EBFA /* libopencv_flann.2.4.12.dylib in Frameworks */,
				85B34A231CB3C6060020EBFA /* libopencv_highgui.2.4.12.dylib in Frameworks */,
				85B34A461CB3C6060020EBFA /* libopencv_videostab.2.4.12.dylib in Frameworks */,
				85B34A281CB3C6060020EBFA /* libopencv_legacy.2.4.12.dylib in Frameworks */,
				85B34A181CB3C6060020EBFA /* libopencv_core.2.4.12.dylib in Frameworks */,
				85B34A361CB3C6060020EBFA /* libopencv_ocl.2.4.12.dylib in Frameworks */,
				85B34A341CB3C6060020EBFA /* libopencv_ocl.2.4.12.dylib in Frameworks */,
				85B34A321CB3C6060020EBFA /* libopencv_objdetect.2.4.12.dylib in Frameworks */,
				85B34A1F1CB3C6060020EBFA /* libopencv_gpu.2.4.12.dylib in Frameworks */,
				85B34A251CB3C6060020EBFA /* libopencv_imgproc.2.4.12.dylib in Frameworks */,
				85B34A2E1CB3C6060020EBFA /* libopencv_nonfree.2.4.12.dylib in Frameworks */,
				85B34A331CB3C6060020EBFA /* libopencv_objdetect.2.4.12.dylib in Frameworks */,
				85B34A381CB3C6060020EBFA /* libopencv_photo.2.4.12.dylib in Frameworks */,
				85B34A131CB3C6060020EBFA /* libopencv_contrib.2.4.12.dylib in Frameworks */,
				85B34A201CB3C6060020EBFA /* libopencv_gpu.2.4.12.dylib in Frameworks */,
				85B34A101CB3C6060020EBFA /* libopencv_calib3d.2.4.12.dylib in Frameworks */,
				85B34A2D1CB3C6060020EBFA /* libopencv_ml.2.4.12.dylib in Frameworks */,
				85B34A2A1CB3C6060020EBFA /* libopencv_legacy.2.4.12.dylib in Frameworks */,
				85B34A121CB3C6060020EBFA /* libopencv_calib3d.2.4.12.dylib in Frameworks */,
				85B34A3F1CB3C6060020EBFA /* libopencv_superres.2.4.12.dylib in Frameworks */,
				85B34A2C1CB3C6060020EBFA /* libopencv_ml.2.4.12.dylib in Frameworks */,
			);
			runOnlyForDeploymentPostprocessing = 0;
		};
/* End PBXFrameworksBuildPhase section */

/* Begin PBXGroup section */
		85B349D81CB3C5B30020EBFA /* OPENCV2.4.12 */ = {
			isa = PBXGroup;
			children = (
				85B349D91CB3C6060020EBFA /* libopencv_calib3d.2.4.12.dylib */,
				85B349DA1CB3C6060020EBFA /* libopencv_calib3d.2.4.12.dylib */,
				85B349DB1CB3C6060020EBFA /* libopencv_calib3d.2.4.12.dylib */,
				85B349DC1CB3C6060020EBFA /* libopencv_contrib.2.4.12.dylib */,
				85B349DD1CB3C6060020EBFA /* libopencv_contrib.2.4.12.dylib */,
				85B349DE1CB3C6060020EBFA /* libopencv_contrib.2.4.12.dylib */,
				85B349DF1CB3C6060020EBFA /* libopencv_core.2.4.12.dylib */,
				85B349E01CB3C6060020EBFA /* libopencv_core.2.4.12.dylib */,
				85B349E11CB3C6060020EBFA /* libopencv_core.2.4.12.dylib */,
				85B349E21CB3C6060020EBFA /* libopencv_features2d.2.4.12.dylib */,
				85B349E31CB3C6060020EBFA /* libopencv_features2d.2.4.12.dylib */,
				85B349E41CB3C6060020EBFA /* libopencv_features2d.2.4.12.dylib */,
				85B349E51CB3C6060020EBFA /* libopencv_flann.2.4.12.dylib */,
				85B349E61CB3C6060020EBFA /* libopencv_flann.2.4.12.dylib */,
				85B349E71CB3C6060020EBFA /* libopencv_flann.2.4.12.dylib */,
				85B349E81CB3C6060020EBFA /* libopencv_gpu.2.4.12.dylib */,
				85B349E91CB3C6060020EBFA /* libopencv_gpu.2.4.12.dylib */,
				85B349EA1CB3C6060020EBFA /* libopencv_gpu.2.4.12.dylib */,
				85B349EB1CB3C6060020EBFA /* libopencv_highgui.2.4.12.dylib */,
				85B349EC1CB3C6060020EBFA /* libopencv_highgui.2.4.12.dylib */,
				85B349ED1CB3C6060020EBFA /* libopencv_highgui.2.4.12.dylib */,
				85B349EE1CB3C6060020EBFA /* libopencv_imgproc.2.4.12.dylib */,
				85B349EF1CB3C6060020EBFA /* libopencv_imgproc.2.4.12.dylib */,
				85B349F01CB3C6060020EBFA /* libopencv_imgproc.2.4.12.dylib */,
				85B349F11CB3C6060020EBFA /* libopencv_legacy.2.4.12.dylib */,
				85B349F21CB3C6060020EBFA /* libopencv_legacy.2.4.12.dylib */,
				85B349F31CB3C6060020EBFA /* libopencv_legacy.2.4.12.dylib */,
				85B349F41CB3C6060020EBFA /* libopencv_ml.2.4.12.dylib */,
				85B349F51CB3C6060020EBFA /* libopencv_ml.2.4.12.dylib */,
				85B349F61CB3C6060020EBFA /* libopencv_ml.2.4.12.dylib */,
				85B349F71CB3C6060020EBFA /* libopencv_nonfree.2.4.12.dylib */,
				85B349F81CB3C6060020EBFA /* libopencv_nonfree.2.4.12.dylib */,
				85B349F91CB3C6060020EBFA /* libopencv_nonfree.2.4.12.dylib */,
				85B349FA1CB3C6060020EBFA /* libopencv_objdetect.2.4.12.dylib */,
				85B349FB1CB3C6060020EBFA /* libopencv_objdetect.2.4.12.dylib */,
				85B349FC1CB3C6060020EBFA /* libopencv_objdetect.2.4.12.dylib */,
				85B349FD1CB3C6060020EBFA /* libopencv_ocl.2.4.12.dylib */,
				85B349FE1CB3C6060020EBFA /* libopencv_ocl.2.4.12.dylib */,
				85B349FF1CB3C6060020EBFA /* libopencv_ocl.2.4.12.dylib */,
				85B34A001CB3C6060020EBFA /* libopencv_photo.2.4.12.dylib */,
				85B34A011CB3C6060020EBFA /* libopencv_photo.2.4.12.dylib */,
				85B34A021CB3C6060020EBFA /* libopencv_photo.2.4.12.dylib */,
				85B34A031CB3C6060020EBFA /* libopencv_stitching.2.4.12.dylib */,
				85B34A041CB3C6060020EBFA /* libopencv_stitching.2.4.12.dylib */,
				85B34A051CB3C6060020EBFA /* libopencv_stitching.2.4.12.dylib */,
				85B34A061CB3C6060020EBFA /* libopencv_superres.2.4.12.dylib */,
				85B34A071CB3C6060020EBFA /* libopencv_superres.2.4.12.dylib */,
				85B34A081CB3C6060020EBFA /* libopencv_superres.2.4.12.dylib */,
				85B34A091CB3C6060020EBFA /* libopencv_ts.a */,
				85B34A0A1CB3C6060020EBFA /* libopencv_video.2.4.12.dylib */,
				85B34A0B1CB3C6060020EBFA /* libopencv_video.2.4.12.dylib */,
				85B34A0C1CB3C6060020EBFA /* libopencv_video.2.4.12.dylib */,
				85B34A0D1CB3C6060020EBFA /* libopencv_videostab.2.4.12.dylib */,
				85B34A0E1CB3C6060020EBFA /* libopencv_videostab.2.4.12.dylib */,
				85B34A0F1CB3C6060020EBFA /* libopencv_videostab.2.4.12.dylib */,
			);
			name = OPENCV2.4.12;
			sourceTree = "<group>";
		};
		85BB03AA1C573BFB00378159 = {
			isa = PBXGroup;
			children = (
				85B349D81CB3C5B30020EBFA /* OPENCV2.4.12 */,
				85BB03B51C573BFB00378159 /* EigenEKFSLAM */,
				85BB03B41C573BFB00378159 /* Products */,
			);
			sourceTree = "<group>";
		};
		85BB03B41C573BFB00378159 /* Products */ = {
			isa = PBXGroup;
			children = (
				85BB03B31C573BFB00378159 /* EigenEKFSLAM */,
			);
			name = Products;
			sourceTree = "<group>";
		};
		85BB03B51C573BFB00378159 /* EigenEKFSLAM */ = {
			isa = PBXGroup;
			children = (
				85B34A491CB3F07F0020EBFA /* CLC.cpp */,
				85B34A4B1CB3FB540020EBFA /* CLC.h */,
				85BB03B61C573BFB00378159 /* main.cpp */,
				85BB03BD1C57406D00378159 /* EigenEKFSLAM.h */,
				85BB03BE1C57408700378159 /* EigenEKFSLAM.cpp */,
			);
			path = EigenEKFSLAM;
			sourceTree = "<group>";
		};
/* End PBXGroup section */

/* Begin PBXNativeTarget section */
		85BB03B21C573BFB00378159 /* EigenEKFSLAM */ = {
			isa = PBXNativeTarget;
			buildConfigurationList = 85BB03BA1C573BFB00378159 /* Build configuration list for PBXNativeTarget "EigenEKFSLAM" */;
			buildPhases = (
				85BB03AF1C573BFB00378159 /* Sources */,
				85BB03B01C573BFB00378159 /* Frameworks */,
				85BB03B11C573BFB00378159 /* CopyFiles */,
			);
			buildRules = (
			);
			dependencies = (
			);
			name = EigenEKFSLAM;
			productName = EigenEKFSLAM;
			productReference = 85BB03B31C573BFB00378159 /* EigenEKFSLAM */;
			productType = "com.apple.product-type.tool";
		};
/* End PBXNativeTarget section */

/* Begin PBXProject section */
		85BB03AB1C573BFB00378159 /* Project object */ = {
			isa = PBXProject;
			attributes = {
				LastUpgradeCheck = 0720;
				ORGANIZATIONNAME = jaemin;
				TargetAttributes = {
					85BB03B21C573BFB00378159 = {
						CreatedOnToolsVersion = 7.2;
					};
				};
			};
			buildConfigurationList = 85BB03AE1C573BFB00378159 /* Build configuration list for PBXProject "EigenEKFSLAM" */;
			compatibilityVersion = "Xcode 3.2";
			developmentRegion = English;
			hasScannedForEncodings = 0;
			knownRegions = (
				en,
			);
			mainGroup = 85BB03AA1C573BFB00378159;
			productRefGroup = 85BB03B41C573BFB00378159 /* Products */;
			projectDirPath = "";
			projectRoot = "";
			targets = (
				85BB03B21C573BFB00378159 /* EigenEKFSLAM */,
			);
		};
/* End PBXProject section */

/* Begin PBXSourcesBuildPhase section */
		85BB03AF1C573BFB00378159 /* Sources */ = {
			isa = PBXSourcesBuildPhase;
			buildActionMask = 2147483647;
			files = (
				85B34A4A1CB3F07F0020EBFA /* CLC.cpp in Sources */,
				85BB03BF1C57408700378159 /* EigenEKFSLAM.cpp in Sources */,
				85BB03B71C573BFB00378159 /* main.cpp in Sources */,
			);
			runOnlyForDeploymentPostprocessing = 0;
		};
/* End PBXSourcesBuildPhase section */

/* Begin XCBuildConfiguration section */
		85BB03B81C573BFB00378159 /* Debug */ = {
			isa = XCBuildConfiguration;
			buildSettings = {
				ALWAYS_SEARCH_USER_PATHS = NO;
				CLANG_CXX_LANGUAGE_STANDARD = "gnu++0x";
				CLANG_CXX_LIBRARY = "libc++";
				CLANG_ENABLE_MODULES = YES;
				CLANG_ENABLE_OBJC_ARC = YES;
				CLANG_WARN_BOOL_CONVERSION = YES;
				CLANG_WARN_CONSTANT_CONVERSION = YES;
				CLANG_WARN_DIRECT_OBJC_ISA_USAGE = YES_ERROR;
				CLANG_WARN_EMPTY_BODY = YES;
				CLANG_WARN_ENUM_CONVERSION = YES;
				CLANG_WARN_INT_CONVERSION = YES;
				CLANG_WARN_OBJC_ROOT_CLASS = YES_ERROR;
				CLANG_WARN_UNREACHABLE_CODE = YES;
				CLANG_WARN__DUPLICATE_METHOD_MATCH = YES;
				CODE_SIGN_IDENTITY = "-";
				COPY_PHASE_STRIP = NO;
				DEBUG_INFORMATION_FORMAT = dwarf;
				ENABLE_STRICT_OBJC_MSGSEND = YES;
				ENABLE_TESTABILITY = YES;
				GCC_C_LANGUAGE_STANDARD = gnu99;
				GCC_DYNAMIC_NO_PIC = NO;
				GCC_NO_COMMON_BLOCKS = YES;
				GCC_OPTIMIZATION_LEVEL = 0;
				GCC_PREPROCESSOR_DEFINITIONS = (
					"DEBUG=1",
					"$(inherited)",
				);
				GCC_WARN_64_TO_32_BIT_CONVERSION = YES;
				GCC_WARN_ABOUT_RETURN_TYPE = YES_ERROR;
				GCC_WARN_UNDECLARED_SELECTOR = YES;
				GCC_WARN_UNINITIALIZED_AUTOS = YES_AGGRESSIVE;
				GCC_WARN_UNUSED_FUNCTION = YES;
				GCC_WARN_UNUSED_VARIABLE = YES;
				HEADER_SEARCH_PATHS = /usr/local/include;
				LIBRARY_SEARCH_PATHS = /usr/local/lib;
				MACOSX_DEPLOYMENT_TARGET = 10.11;
				MTL_ENABLE_DEBUG_INFO = YES;
				ONLY_ACTIVE_ARCH = YES;
				SDKROOT = macosx;
			};
			name = Debug;
		};
		85BB03B91C573BFB00378159 /* Release */ = {
			isa = XCBuildConfiguration;
			buildSettings = {
				ALWAYS_SEARCH_USER_PATHS = NO;
				CLANG_CXX_LANGUAGE_STANDARD = "gnu++0x";
				CLANG_CXX_LIBRARY = "libc++";
				CLANG_ENABLE_MODULES = YES;
				CLANG_ENABLE_OBJC_ARC = YES;
				CLANG_WARN_BOOL_CONVERSION = YES;
				CLANG_WARN_CONSTANT_CONVERSION = YES;
				CLANG_WARN_DIRECT_OBJC_ISA_USAGE = YES_ERROR;
				CLANG_WARN_EMPTY_BODY = YES;
				CLANG_WARN_ENUM_CONVERSION = YES;
				CLANG_WARN_INT_CONVERSION = YES;
				CLANG_WARN_OBJC_ROOT_CLASS = YES_ERROR;
				CLANG_WARN_UNREACHABLE_CODE = YES;
				CLANG_WARN__DUPLICATE_METHOD_MATCH = YES;
				CODE_SIGN_IDENTITY = "-";
				COPY_PHASE_STRIP = NO;
				DEBUG_INFORMATION_FORMAT = "dwarf-with-dsym";
				ENABLE_NS_ASSERTIONS = NO;
				ENABLE_STRICT_OBJC_MSGSEND = YES;
				GCC_C_LANGUAGE_STANDARD = gnu99;
				GCC_NO_COMMON_BLOCKS = YES;
				GCC_WARN_64_TO_32_BIT_CONVERSION = YES;
				GCC_WARN_ABOUT_RETURN_TYPE = YES_ERROR;
				GCC_WARN_UNDECLARED_SELECTOR = YES;
				GCC_WARN_UNINITIALIZED_AUTOS = YES_AGGRESSIVE;
				GCC_WARN_UNUSED_FUNCTION = YES;
				GCC_WARN_UNUSED_VARIABLE = YES;
				HEADER_SEARCH_PATHS = /usr/local/include;
				LIBRARY_SEARCH_PATHS = /usr/local/lib;
				MACOSX_DEPLOYMENT_TARGET = 10.11;
				MTL_ENABLE_DEBUG_INFO = NO;
				SDKROOT = macosx;
			};
			name = Release;
		};
		85BB03BB1C573BFB00378159 /* Debug */ = {
			isa = XCBuildConfiguration;
			buildSettings = {
				LIBRARY_SEARCH_PATHS = (
					"$(inherited)",
					/usr/local/Cellar/opencv/2.4.12_2/lib,
				);
				PRODUCT_NAME = "$(TARGET_NAME)";
			};
			name = Debug;
		};
		85BB03BC1C573BFB00378159 /* Release */ = {
			isa = XCBuildConfiguration;
			buildSettings = {
				LIBRARY_SEARCH_PATHS = (
					"$(inherited)",
					/usr/local/Cellar/opencv/2.4.12_2/lib,
				);
				PRODUCT_NAME = "$(TARGET_NAME)";
			};
			name = Release;
		};
/* End XCBuildConfiguration section */

/* Begin XCConfigurationList section */
		85BB03AE1C573BFB00378159 /* Build configuration list for PBXProject "EigenEKFSLAM" */ = {
			isa = XCConfigurationList;
			buildConfigurations = (
				85BB03B81C573BFB00378159 /* Debug */,
				85BB03B91C573BFB00378159 /* Release */,
			);
			defaultConfigurationIsVisible = 0;
			defaultConfigurationName = Release;
		};
		85BB03BA1C573BFB00378159 /* Build configuration list for PBXNativeTarget "EigenEKFSLAM" */ = {
			isa = XCConfigurationList;
			buildConfigurations = (
				85BB03BB1C573BFB00378159 /* Debug */,
				85BB03BC1C573BFB00378159 /* Release */,
			);
			defaultConfigurationIsVisible = 0;
			defaultConfigurationName = Release;
		};
/* End XCConfigurationList section */
	};
	rootObject = 85BB03AB1C573BFB00378159 /* Project object */;
}
